
Microsoft Visual Studio Solution File, Format Version 12.00
# Visual Studio Version 17
VisualStudioVersion = 17.9.34728.123
MinimumVisualStudioVersion = 10.0.40219.1
Project("{FAE04EC0-301F-11D3-BF4B-00C04F79EFBC}") = "353501_Mal_Lab1", "353501_Mal_Lab1\353501_Mal_Lab1.csproj", "{307DB3D9-688A-4855-9C1B-ED814FC40B9A}"
EndProject
Global
	GlobalSection(SolutionConfigurationPlatforms) = preSolution
		Debug|Any CPU = Debug|Any CPU
		Release|Any CPU = Release|Any CPU
	EndGlobalSection
	GlobalSection(ProjectConfigurationPlatforms) = postSolution
		{307DB3D9-688A-4855-9C1B-ED814FC40B9A}.Debug|Any CPU.ActiveCfg = Debug|Any CPU
		{307DB3D9-688A-4855-9C1B-ED814FC40B9A}.Debug|Any CPU.Build.0 = Debug|Any CPU
		{307DB3D9-688A-4855-9C1B-ED814FC40B9A}.Release|Any CPU.ActiveCfg = Release|Any CPU
		{307DB3D9-688A-4855-9C1B-ED814FC40B9A}.Release|Any CPU.Build.0 = Release|Any CPU
	EndGlobalSection
	GlobalSection(SolutionProperties) = preSolution
		HideSolutionNode = FALSE
	EndGlobalSection
	GlobalSection(ExtensibilityGlobals) = postSolution
		SolutionGuid = {18C8B751-C2F5-46D2-98D5-5ADBB60E3298}
	EndGlobalSection
EndGlobal
